
Microsoft Visual Studio Solution File, Format Version 12.00
# Visual Studio Version 17
VisualStudioVersion = 17.8.34511.84
MinimumVisualStudioVersion = 10.0.40219.1
Project("{FAE04EC0-301F-11D3-BF4B-00C04F79EFBC}") = "repeatability test", "repeatability test\repeatability test.csproj", "{C9E150FB-E5A7-4E7A-A7B7-3E5A00BFDCF6}"
EndProject
Global
	GlobalSection(SolutionConfigurationPlatforms) = preSolution
		Debug|Any CPU = Debug|Any CPU
		Release|Any CPU = Release|Any CPU
	EndGlobalSection
	GlobalSection(ProjectConfigurationPlatforms) = postSolution
		{C9E150FB-E5A7-4E7A-A7B7-3E5A00BFDCF6}.Debug|Any CPU.ActiveCfg = Release|Any CPU
		{C9E150FB-E5A7-4E7A-A7B7-3E5A00BFDCF6}.Debug|Any CPU.Build.0 = Release|Any CPU
		{C9E150FB-E5A7-4E7A-A7B7-3E5A00BFDCF6}.Release|Any CPU.ActiveCfg = Release|Any CPU
		{C9E150FB-E5A7-4E7A-A7B7-3E5A00BFDCF6}.Release|Any CPU.Build.0 = Release|Any CPU
	EndGlobalSection
	GlobalSection(SolutionProperties) = preSolution
		HideSolutionNode = FALSE
	EndGlobalSection
	GlobalSection(ExtensibilityGlobals) = postSolution
		SolutionGuid = {C0F7B63B-DF58-46D1-BE42-05538228BFE2}
	EndGlobalSection
EndGlobal
